
Microsoft Visual Studio Solution File, Format Version 12.00
# Visual Studio Version 17
VisualStudioVersion = 17.9.34607.119
MinimumVisualStudioVersion = 10.0.40219.1
Project("{FAE04EC0-301F-11D3-BF4B-00C04F79EFBC}") = "RefactorThis.API", "RefactorThis.API\RefactorThis.API.csproj", "{CE277AD0-7CEF-4D9E-9116-1980A0C95442}"
EndProject
Project("{FAE04EC0-301F-11D3-BF4B-00C04F79EFBC}") = "RefactorThis.Domain.Tests", "RefactorThis.Domain.Tests\RefactorThis.Domain.Tests.csproj", "{F5F72133-5077-464F-B7A9-C9772CD7EE70}"
EndProject
Global
	GlobalSection(SolutionConfigurationPlatforms) = preSolution
		Debug|Any CPU = Debug|Any CPU
		Release|Any CPU = Release|Any CPU
	EndGlobalSection
	GlobalSection(ProjectConfigurationPlatforms) = postSolution
		{CE277AD0-7CEF-4D9E-9116-1980A0C95442}.Debug|Any CPU.ActiveCfg = Debug|Any CPU
		{CE277AD0-7CEF-4D9E-9116-1980A0C95442}.Debug|Any CPU.Build.0 = Debug|Any CPU
		{CE277AD0-7CEF-4D9E-9116-1980A0C95442}.Release|Any CPU.ActiveCfg = Release|Any CPU
		{CE277AD0-7CEF-4D9E-9116-1980A0C95442}.Release|Any CPU.Build.0 = Release|Any CPU
		{F5F72133-5077-464F-B7A9-C9772CD7EE70}.Debug|Any CPU.ActiveCfg = Debug|Any CPU
		{F5F72133-5077-464F-B7A9-C9772CD7EE70}.Debug|Any CPU.Build.0 = Debug|Any CPU
		{F5F72133-5077-464F-B7A9-C9772CD7EE70}.Release|Any CPU.ActiveCfg = Release|Any CPU
		{F5F72133-5077-464F-B7A9-C9772CD7EE70}.Release|Any CPU.Build.0 = Release|Any CPU
	EndGlobalSection
	GlobalSection(SolutionProperties) = preSolution
		HideSolutionNode = FALSE
	EndGlobalSection
	GlobalSection(ExtensibilityGlobals) = postSolution
		SolutionGuid = {F0245EEE-A955-41B6-BBCC-3C0049B18C6A}
	EndGlobalSection
EndGlobal
